
Microsoft Visual Studio Solution File, Format Version 12.00
# Visual Studio Version 17
VisualStudioVersion = 17.4.33122.133
MinimumVisualStudioVersion = 10.0.40219.1
Project("{9A19103F-16F7-4668-BE54-9A1E7A4F7556}") = "SuggestionAppUI", "SuggestionAppUI\SuggestionAppUI.csproj", "{627CF3A3-89B0-46E0-9F5F-023399861934}"
EndProject
Project("{9A19103F-16F7-4668-BE54-9A1E7A4F7556}") = "SuggestionAppLibrary", "SuggestionAppLibrary\SuggestionAppLibrary.csproj", "{4155EC88-97E8-47BE-8B75-21C1DCD7BF3E}"
EndProject
Project("{2150E333-8FDC-42A3-9474-1A3956D46DE8}") = "Solution Items", "Solution Items", "{534B6816-02E1-4A7A-B9F9-998E84DE3B72}"
	ProjectSection(SolutionItems) = preProject
		.editorconfig = .editorconfig
	EndProjectSection
EndProject
Global
	GlobalSection(SolutionConfigurationPlatforms) = preSolution
		Debug|Any CPU = Debug|Any CPU
		Release|Any CPU = Release|Any CPU
	EndGlobalSection
	GlobalSection(ProjectConfigurationPlatforms) = postSolution
		{627CF3A3-89B0-46E0-9F5F-023399861934}.Debug|Any CPU.ActiveCfg = Debug|Any CPU
		{627CF3A3-89B0-46E0-9F5F-023399861934}.Debug|Any CPU.Build.0 = Debug|Any CPU
		{627CF3A3-89B0-46E0-9F5F-023399861934}.Release|Any CPU.ActiveCfg = Release|Any CPU
		{627CF3A3-89B0-46E0-9F5F-023399861934}.Release|Any CPU.Build.0 = Release|Any CPU
		{4155EC88-97E8-47BE-8B75-21C1DCD7BF3E}.Debug|Any CPU.ActiveCfg = Debug|Any CPU
		{4155EC88-97E8-47BE-8B75-21C1DCD7BF3E}.Debug|Any CPU.Build.0 = Debug|Any CPU
		{4155EC88-97E8-47BE-8B75-21C1DCD7BF3E}.Release|Any CPU.ActiveCfg = Release|Any CPU
		{4155EC88-97E8-47BE-8B75-21C1DCD7BF3E}.Release|Any CPU.Build.0 = Release|Any CPU
	EndGlobalSection
	GlobalSection(SolutionProperties) = preSolution
		HideSolutionNode = FALSE
	EndGlobalSection
	GlobalSection(ExtensibilityGlobals) = postSolution
		SolutionGuid = {D11C65A4-488B-48AC-8728-4791A39EC50B}
	EndGlobalSection
EndGlobal
